# This file is automatically @generated by Cargo.
# It is not intended for manual editing.
version = 3

[[package]]
name = "rust-api-example"
version = "0.1.0"
dependencies = [
 "thunderbird",
]

[[package]]
name = "thunderbird"
version = "0.2.1"
source = "registry+https://github.com/rust-lang/crates.io-index"
checksum = "5f415a55b3c486f9d7479579074015e90f5269001a8c2ed817e4b29afc966800"
