# This file is automatically @generated by Cargo.
# It is not intended for manual editing.
version = 3

[[package]]
name = "rust-api-example"
version = "0.1.0"
dependencies = [
 "thunderbird",
]

[[package]]
name = "thunderbird"
version = "0.1.0"
source = "registry+https://github.com/rust-lang/crates.io-index"
checksum = "3ddaefda3830ebe3e8f0f21574f8ae0ff4c2a9a32f9c7eaff7c59816c35d3f69"
