# This file is automatically @generated by Cargo.
# It is not intended for manual editing.
version = 3

[[package]]
name = "rust-api-example"
version = "0.1.0"
dependencies = [
 "thunderbird",
]

[[package]]
name = "thunderbird"
version = "0.2.4"
source = "registry+https://github.com/rust-lang/crates.io-index"
checksum = "8856397ad82272fa535c0e21d4d764edabc341804e8723b7db18a1469e41e83d"
